
Microsoft Visual Studio Solution File, Format Version 12.00
# Visual Studio 15
VisualStudioVersion = 15.0.26730.12
MinimumVisualStudioVersion = 10.0.40219.1
Project("{FAE04EC0-301F-11D3-BF4B-00C04F79EFBC}") = "Invelopes", "Invelopes\Invelopes.csproj", "{89BF490C-EADC-4FBC-9C15-0D61382F9C6E}"
EndProject
Global
	GlobalSection(SolutionConfigurationPlatforms) = preSolution
		Debug|Any CPU = Debug|Any CPU
		Release|Any CPU = Release|Any CPU
	EndGlobalSection
	GlobalSection(ProjectConfigurationPlatforms) = postSolution
		{89BF490C-EADC-4FBC-9C15-0D61382F9C6E}.Debug|Any CPU.ActiveCfg = Debug|Any CPU
		{89BF490C-EADC-4FBC-9C15-0D61382F9C6E}.Debug|Any CPU.Build.0 = Debug|Any CPU
		{89BF490C-EADC-4FBC-9C15-0D61382F9C6E}.Release|Any CPU.ActiveCfg = Release|Any CPU
		{89BF490C-EADC-4FBC-9C15-0D61382F9C6E}.Release|Any CPU.Build.0 = Release|Any CPU
	EndGlobalSection
	GlobalSection(SolutionProperties) = preSolution
		HideSolutionNode = FALSE
	EndGlobalSection
	GlobalSection(ExtensibilityGlobals) = postSolution
		SolutionGuid = {9CFD5C2C-3C8E-4850-9856-82CE5D48C5F7}
	EndGlobalSection
EndGlobal
